
Microsoft Visual Studio Solution File, Format Version 11.00
Project("{FAE04EC0-301F-11D3-BF4B-00C04F79EFBC}") = "BattleShip", "BattleShip\BattleShip.csproj", "{03AE0C64-077E-4F8D-B798-D28C99D37AB3}"
EndProject
Global
	GlobalSection(SolutionConfigurationPlatforms) = preSolution
		Debug|x86 = Debug|x86
		Release|x86 = Release|x86
	EndGlobalSection
	GlobalSection(ProjectConfigurationPlatforms) = postSolution
		{03AE0C64-077E-4F8D-B798-D28C99D37AB3}.Debug|x86.ActiveCfg = Debug|x86
		{03AE0C64-077E-4F8D-B798-D28C99D37AB3}.Debug|x86.Build.0 = Debug|x86
		{03AE0C64-077E-4F8D-B798-D28C99D37AB3}.Release|x86.ActiveCfg = Release|x86
		{03AE0C64-077E-4F8D-B798-D28C99D37AB3}.Release|x86.Build.0 = Release|x86
	EndGlobalSection
	GlobalSection(SolutionProperties) = preSolution
		HideSolutionNode = FALSE
	EndGlobalSection
EndGlobal
